
Microsoft Visual Studio Solution File, Format Version 11.00
# Visual Studio 2010
Project("{FAE04EC0-301F-11D3-BF4B-00C04F79EFBC}") = "U3DAutomation_UGUI", "U3DAutomation\U3DAutomation_UGUI.csproj", "{57C9135A-AA36-4240-ADFD-4165F625DB3C}"
EndProject
Global
	GlobalSection(SolutionConfigurationPlatforms) = preSolution
		Debug|Any CPU = Debug|Any CPU
		Release|Any CPU = Release|Any CPU
	EndGlobalSection
	GlobalSection(ProjectConfigurationPlatforms) = postSolution
		{57C9135A-AA36-4240-ADFD-4165F625DB3C}.Debug|Any CPU.ActiveCfg = Debug|Any CPU
		{57C9135A-AA36-4240-ADFD-4165F625DB3C}.Debug|Any CPU.Build.0 = Debug|Any CPU
		{57C9135A-AA36-4240-ADFD-4165F625DB3C}.Release|Any CPU.ActiveCfg = Release|Any CPU
		{57C9135A-AA36-4240-ADFD-4165F625DB3C}.Release|Any CPU.Build.0 = Release|Any CPU
	EndGlobalSection
	GlobalSection(MonoDevelopProperties) = preSolution
		StartupItem = U3DAutomation\U3DAutomation_UGUI.csproj
	EndGlobalSection
	GlobalSection(SolutionProperties) = preSolution
		HideSolutionNode = FALSE
	EndGlobalSection
EndGlobal
